<?xml version="1.0" encoding="utf-8"?>
<Project ToolsVersion="4.0" xmlns="http://schemas.microsoft.com/developer/msbuild/2003">
  <ItemGroup>
    <Filter Include="Source Files">
      <UniqueIdentifier>{4FC737F1-C7A5-4376-A066-2A32D752A2FF}</UniqueIdentifier>
      <Extensions>cpp;c;cc;cxx;def;odl;idl;hpj;bat;asm;asmx</Extensions>
    </Filter>
    <Filter Include="Header Files">
      <UniqueIdentifier>{93995380-89BD-4b04-88EB-625FBE52EBFB}</UniqueIdentifier>
      <Extensions>h;hpp;hxx;hm;inl;inc;xsd</Extensions>
    </Filter>
    <Filter Include="Resource Files">
      <UniqueIdentifier>{67DA6AB6-F800-4c08-8B7A-83BB121AAD01}</UniqueIdentifier>
      <Extensions>rc;ico;cur;bmp;dlg;rc2;rct;bin;rgs;gif;jpg;jpeg;jpe;resx;tiff;tif;png;wav;mfcribbon-ms</Extensions>
    </Filter>
    <Filter Include="Header Files\GameObjects">
      <UniqueIdentifier>{c6b26abf-5345-4e8a-9cab-505446f58672}</UniqueIdentifier>
    </Filter>
    <Filter Include="Source Files\GameObjects">
      <UniqueIdentifier>{bfdf6e00-44aa-437e-a981-1024660a798b}</UniqueIdentifier>
    </Filter>
    <Filter Include="Header Files\GameComponents">
      <UniqueIdentifier>{62bf1fad-aadb-445e-acb0-ad2b981817b6}</UniqueIdentifier>
    </Filter>
    <Filter Include="Source Files\GameComponents">
      <UniqueIdentifier>{b2ece4b1-29f4-424d-826d-b420dd1efa7d}</UniqueIdentifier>
    </Filter>
    <Filter Include="Header Files\Handlers">
      <UniqueIdentifier>{d467d99d-0a3f-453d-92d9-8ea283628d90}</UniqueIdentifier>
    </Filter>
    <Filter Include="Source Files\Handlers">
      <UniqueIdentifier>{f5cd377e-0b75-4d91-a673-fa0def64c95d}</UniqueIdentifier>
    </Filter>
    <Filter Include="Source Files\BattleAttacks">
      <UniqueIdentifier>{ec50dba0-ba51-4bb8-9c8f-0a7e2d9736aa}</UniqueIdentifier>
    </Filter>
    <Filter Include="Header Files\BattleAttacks">
      <UniqueIdentifier>{de249f14-ad0a-4d1e-9087-3fd7c59617d9}</UniqueIdentifier>
    </Filter>
    <Filter Include="Header Files\Colliders">
      <UniqueIdentifier>{a3d1452d-dae6-48a5-a6af-1292aa1e6fd5}</UniqueIdentifier>
    </Filter>
    <Filter Include="Header Files\AI">
      <UniqueIdentifier>{a0de3bd1-9ad8-44b5-be1a-3b8623cc581a}</UniqueIdentifier>
    </Filter>
    <Filter Include="Source Files\AI">
      <UniqueIdentifier>{eedbd843-8752-440e-9f91-87319015554a}</UniqueIdentifier>
    </Filter>
  </ItemGroup>
  <ItemGroup>
    <ClCompile Include="InputController.cpp">
      <Filter>Source Files</Filter>
    </ClCompile>
    <ClCompile Include="Mesh.cpp">
      <Filter>Source Files</Filter>
    </ClCompile>
    <ClCompile Include="MeshManager.cpp">
      <Filter>Source Files</Filter>
    </ClCompile>
    <ClCompile Include="Texture.cpp">
      <Filter>Source Files</Filter>
    </ClCompile>
    <ClCompile Include="TextureManager.cpp">
      <Filter>Source Files</Filter>
    </ClCompile>
    <ClCompile Include="Window.cpp">
      <Filter>Source Files</Filter>
    </ClCompile>
    <ClCompile Include="main.cpp">
      <Filter>Source Files</Filter>
    </ClCompile>
    <ClCompile Include="Renderer.cpp">
      <Filter>Source Files</Filter>
    </ClCompile>
    <ClCompile Include="Game.cpp">
      <Filter>Source Files</Filter>
    </ClCompile>
    <ClCompile Include="Camera.cpp">
      <Filter>Source Files</Filter>
    </ClCompile>
    <ClCompile Include="Floor.cpp">
      <Filter>Source Files\GameObjects</Filter>
    </ClCompile>
    <ClCompile Include="GameMap.cpp">
      <Filter>Source Files\GameObjects</Filter>
    </ClCompile>
    <ClCompile Include="Player.cpp">
      <Filter>Source Files\GameObjects</Filter>
    </ClCompile>
    <ClCompile Include="Enemy.cpp">
      <Filter>Source Files\GameObjects</Filter>
    </ClCompile>
    <ClCompile Include="BoundingBox.cpp">
      <Filter>Source Files</Filter>
    </ClCompile>
    <ClCompile Include="GameComponent.cpp">
      <Filter>Source Files\GameComponents</Filter>
    </ClCompile>
    <ClCompile Include="GameObject.cpp">
      <Filter>Source Files\GameObjects</Filter>
    </ClCompile>
    <ClCompile Include="ObjectHandler.cpp">
      <Filter>Source Files\Handlers</Filter>
    </ClCompile>
    <ClCompile Include="CollisionHandler.cpp">
      <Filter>Source Files\Handlers</Filter>
    </ClCompile>
    <ClCompile Include="BattleAttack.cpp">
      <Filter>Source Files\BattleAttacks</Filter>
    </ClCompile>
    <ClCompile Include="Projectile.cpp">
      <Filter>Source Files\GameObjects</Filter>
    </ClCompile>
    <ClCompile Include="GameCollider.cpp">
      <Filter>Source Files\GameComponents</Filter>
    </ClCompile>
    <ClCompile Include="Character.cpp">
      <Filter>Source Files\GameObjects</Filter>
    </ClCompile>
    <ClCompile Include="GUIHandler.cpp">
      <Filter>Source Files\Handlers</Filter>
    </ClCompile>
    <ClCompile Include="GUIObject.cpp">
      <Filter>Source Files</Filter>
    </ClCompile>
    <ClCompile Include="Chest.cpp">
      <Filter>Source Files</Filter>
    </ClCompile>
    <ClCompile Include="AIComponent.cpp">
      <Filter>Source Files\GameComponents</Filter>
    </ClCompile>
    <ClCompile Include="AIHandler.cpp">
      <Filter>Source Files\Handlers</Filter>
    </ClCompile>
    <ClCompile Include="Wall.cpp">
      <Filter>Source Files\GameObjects</Filter>
    </ClCompile>
    <ClCompile Include="AINode.cpp">
      <Filter>Source Files\AI</Filter>
    </ClCompile>
  </ItemGroup>
  <ItemGroup>
    <ClInclude Include="InputController.h">
      <Filter>Header Files</Filter>
    </ClInclude>
    <ClInclude Include="Mesh.h">
      <Filter>Header Files</Filter>
    </ClInclude>
    <ClInclude Include="MeshManager.h">
      <Filter>Header Files</Filter>
    </ClInclude>
    <ClInclude Include="Texture.h">
      <Filter>Header Files</Filter>
    </ClInclude>
    <ClInclude Include="TextureManager.h">
      <Filter>Header Files</Filter>
    </ClInclude>
    <ClInclude Include="Window.h">
      <Filter>Header Files</Filter>
    </ClInclude>
    <ClInclude Include="Camera.h">
      <Filter>Header Files</Filter>
    </ClInclude>
    <ClInclude Include="Game.h">
      <Filter>Header Files</Filter>
    </ClInclude>
    <ClInclude Include="StateMachine.h">
      <Filter>Header Files</Filter>
    </ClInclude>
    <ClInclude Include="Renderer.h">
      <Filter>Header Files</Filter>
    </ClInclude>
    <ClInclude Include="Floor.h">
      <Filter>Header Files\GameObjects</Filter>
    </ClInclude>
    <ClInclude Include="GameMap.h">
      <Filter>Header Files\GameObjects</Filter>
    </ClInclude>
    <ClInclude Include="Player.h">
      <Filter>Header Files\GameObjects</Filter>
    </ClInclude>
    <ClInclude Include="Enemy.h">
      <Filter>Header Files\GameObjects</Filter>
    </ClInclude>
    <ClInclude Include="BoundingBox.h">
      <Filter>Header Files</Filter>
    </ClInclude>
    <ClInclude Include="ObjectHandler.h">
      <Filter>Header Files\Handlers</Filter>
    </ClInclude>
    <ClInclude Include="GameObject.h">
      <Filter>Header Files\GameObjects</Filter>
    </ClInclude>
    <ClInclude Include="GameComponent.h">
      <Filter>Header Files\GameComponents</Filter>
    </ClInclude>
    <ClInclude Include="CollisionHandler.h">
      <Filter>Header Files\Handlers</Filter>
    </ClInclude>
    <ClInclude Include="BattleAttack.h">
      <Filter>Header Files\BattleAttacks</Filter>
    </ClInclude>
    <ClInclude Include="GameCollider.h">
      <Filter>Header Files\Colliders</Filter>
    </ClInclude>
    <ClInclude Include="Projectile.h">
      <Filter>Header Files\GameObjects</Filter>
    </ClInclude>
    <ClInclude Include="Character.h">
      <Filter>Header Files\GameObjects</Filter>
    </ClInclude>
    <ClInclude Include="GUIHandler.h">
      <Filter>Header Files\Handlers</Filter>
    </ClInclude>
    <ClInclude Include="GUIObject.h">
      <Filter>Header Files</Filter>
    </ClInclude>
    <ClInclude Include="Chest.h">
      <Filter>Header Files\GameObjects</Filter>
    </ClInclude>
    <ClInclude Include="AIComponent.h">
      <Filter>Header Files\GameComponents</Filter>
    </ClInclude>
    <ClInclude Include="AIHandler.h">
      <Filter>Header Files\Handlers</Filter>
    </ClInclude>
    <ClInclude Include="Wall.h">
      <Filter>Header Files\GameObjects</Filter>
    </ClInclude>
    <ClInclude Include="AINode.h">
      <Filter>Header Files\AI</Filter>
    </ClInclude>
  </ItemGroup>
</Project>